
Microsoft Visual Studio Solution File, Format Version 12.00
# Visual Studio Version 16
VisualStudioVersion = 16.0.31702.278
MinimumVisualStudioVersion = 10.0.40219.1
Project("{FAE04EC0-301F-11D3-BF4B-00C04F79EFBC}") = "Minx.ZRpcNet", "Minx.ZRpcNet\Minx.ZRpcNet.csproj", "{21750FC6-A34E-43B2-9929-D2BBB4DD92DA}"
EndProject
Global
	GlobalSection(SolutionConfigurationPlatforms) = preSolution
		Debug|Any CPU = Debug|Any CPU
		Release|Any CPU = Release|Any CPU
	EndGlobalSection
	GlobalSection(ProjectConfigurationPlatforms) = postSolution
		{21750FC6-A34E-43B2-9929-D2BBB4DD92DA}.Debug|Any CPU.ActiveCfg = Debug|Any CPU
		{21750FC6-A34E-43B2-9929-D2BBB4DD92DA}.Debug|Any CPU.Build.0 = Debug|Any CPU
		{21750FC6-A34E-43B2-9929-D2BBB4DD92DA}.Release|Any CPU.ActiveCfg = Release|Any CPU
		{21750FC6-A34E-43B2-9929-D2BBB4DD92DA}.Release|Any CPU.Build.0 = Release|Any CPU
	EndGlobalSection
	GlobalSection(SolutionProperties) = preSolution
		HideSolutionNode = FALSE
	EndGlobalSection
	GlobalSection(ExtensibilityGlobals) = postSolution
		SolutionGuid = {D5033014-A1DD-4C03-86AF-55BE36C96B9D}
	EndGlobalSection
EndGlobal
